
Microsoft Visual Studio Solution File, Format Version 12.00
# Visual Studio Version 17
VisualStudioVersion = 17.13.35825.156
MinimumVisualStudioVersion = 10.0.40219.1
Project("{FAE04EC0-301F-11D3-BF4B-00C04F79EFBC}") = "Dependy", "Dependy\Dependy.csproj", "{61F24519-0D29-4F55-9972-BAE2C0A1BF75}"
EndProject
Project("{FAE04EC0-301F-11D3-BF4B-00C04F79EFBC}") = "WebAPI", "WebAPI\WebAPI.csproj", "{461352E4-A2EC-4B1A-9981-38F424F5B98F}"
EndProject
Global
	GlobalSection(SolutionConfigurationPlatforms) = preSolution
		Debug|Any CPU = Debug|Any CPU
		Release|Any CPU = Release|Any CPU
	EndGlobalSection
	GlobalSection(ProjectConfigurationPlatforms) = postSolution
		{61F24519-0D29-4F55-9972-BAE2C0A1BF75}.Debug|Any CPU.ActiveCfg = Debug|Any CPU
		{61F24519-0D29-4F55-9972-BAE2C0A1BF75}.Debug|Any CPU.Build.0 = Debug|Any CPU
		{61F24519-0D29-4F55-9972-BAE2C0A1BF75}.Release|Any CPU.ActiveCfg = Release|Any CPU
		{61F24519-0D29-4F55-9972-BAE2C0A1BF75}.Release|Any CPU.Build.0 = Release|Any CPU
		{461352E4-A2EC-4B1A-9981-38F424F5B98F}.Debug|Any CPU.ActiveCfg = Debug|Any CPU
		{461352E4-A2EC-4B1A-9981-38F424F5B98F}.Debug|Any CPU.Build.0 = Debug|Any CPU
		{461352E4-A2EC-4B1A-9981-38F424F5B98F}.Release|Any CPU.ActiveCfg = Release|Any CPU
		{461352E4-A2EC-4B1A-9981-38F424F5B98F}.Release|Any CPU.Build.0 = Release|Any CPU
	EndGlobalSection
	GlobalSection(SolutionProperties) = preSolution
		HideSolutionNode = FALSE
	EndGlobalSection
	GlobalSection(ExtensibilityGlobals) = postSolution
		SolutionGuid = {4C3E3D12-618F-4372-A3AB-F657B04894A1}
	EndGlobalSection
EndGlobal
