
Microsoft Visual Studio Solution File, Format Version 12.00
# Visual Studio Version 17
VisualStudioVersion = 17.13.35825.156
MinimumVisualStudioVersion = 10.0.40219.1
Project("{FAE04EC0-301F-11D3-BF4B-00C04F79EFBC}") = "helloworld", "helloworld\helloworld.csproj", "{94805654-3220-40F1-B31D-B1B605413662}"
EndProject
Project("{FAE04EC0-301F-11D3-BF4B-00C04F79EFBC}") = "Library", "Library\Library.csproj", "{8F6ED628-8012-41E5-BF70-C3546CA7EC24}"
EndProject
Project("{FAE04EC0-301F-11D3-BF4B-00C04F79EFBC}") = "ConsoleApplica", "ConsoleApplica\ConsoleApplica.csproj", "{D0B64BD3-550F-4EDC-B555-AB620670B7A6}"
EndProject
Global
	GlobalSection(SolutionConfigurationPlatforms) = preSolution
		Debug|Any CPU = Debug|Any CPU
		Release|Any CPU = Release|Any CPU
	EndGlobalSection
	GlobalSection(ProjectConfigurationPlatforms) = postSolution
		{94805654-3220-40F1-B31D-B1B605413662}.Debug|Any CPU.ActiveCfg = Debug|Any CPU
		{94805654-3220-40F1-B31D-B1B605413662}.Debug|Any CPU.Build.0 = Debug|Any CPU
		{94805654-3220-40F1-B31D-B1B605413662}.Release|Any CPU.ActiveCfg = Release|Any CPU
		{94805654-3220-40F1-B31D-B1B605413662}.Release|Any CPU.Build.0 = Release|Any CPU
		{8F6ED628-8012-41E5-BF70-C3546CA7EC24}.Debug|Any CPU.ActiveCfg = Debug|Any CPU
		{8F6ED628-8012-41E5-BF70-C3546CA7EC24}.Debug|Any CPU.Build.0 = Debug|Any CPU
		{8F6ED628-8012-41E5-BF70-C3546CA7EC24}.Release|Any CPU.ActiveCfg = Release|Any CPU
		{8F6ED628-8012-41E5-BF70-C3546CA7EC24}.Release|Any CPU.Build.0 = Release|Any CPU
		{D0B64BD3-550F-4EDC-B555-AB620670B7A6}.Debug|Any CPU.ActiveCfg = Debug|Any CPU
		{D0B64BD3-550F-4EDC-B555-AB620670B7A6}.Debug|Any CPU.Build.0 = Debug|Any CPU
		{D0B64BD3-550F-4EDC-B555-AB620670B7A6}.Release|Any CPU.ActiveCfg = Release|Any CPU
		{D0B64BD3-550F-4EDC-B555-AB620670B7A6}.Release|Any CPU.Build.0 = Release|Any CPU
	EndGlobalSection
	GlobalSection(SolutionProperties) = preSolution
		HideSolutionNode = FALSE
	EndGlobalSection
	GlobalSection(ExtensibilityGlobals) = postSolution
		SolutionGuid = {595EF775-93EF-4166-9E0F-F5BC384064D6}
	EndGlobalSection
EndGlobal
